
Microsoft Visual Studio Solution File, Format Version 12.00
# Visual Studio Version 17
VisualStudioVersion = 17.9.34607.119
MinimumVisualStudioVersion = 10.0.40219.1
Project("{FAE04EC0-301F-11D3-BF4B-00C04F79EFBC}") = "OhioHealthProject", "OhioHealthProject.csproj", "{564B56C7-B03B-491D-BDB8-019FD4990E84}"
EndProject
Global
	GlobalSection(SolutionConfigurationPlatforms) = preSolution
		Debug|Any CPU = Debug|Any CPU
		Release|Any CPU = Release|Any CPU
	EndGlobalSection
	GlobalSection(ProjectConfigurationPlatforms) = postSolution
		{564B56C7-B03B-491D-BDB8-019FD4990E84}.Debug|Any CPU.ActiveCfg = Debug|Any CPU
		{564B56C7-B03B-491D-BDB8-019FD4990E84}.Debug|Any CPU.Build.0 = Debug|Any CPU
		{564B56C7-B03B-491D-BDB8-019FD4990E84}.Release|Any CPU.ActiveCfg = Release|Any CPU
		{564B56C7-B03B-491D-BDB8-019FD4990E84}.Release|Any CPU.Build.0 = Release|Any CPU
	EndGlobalSection
	GlobalSection(SolutionProperties) = preSolution
		HideSolutionNode = FALSE
	EndGlobalSection
	GlobalSection(ExtensibilityGlobals) = postSolution
		SolutionGuid = {F5D9779E-8618-4A62-99E4-95053A9C1580}
	EndGlobalSection
EndGlobal
